
Microsoft Visual Studio Solution File, Format Version 12.00
# Visual Studio Version 16
VisualStudioVersion = 16.0.30128.74
MinimumVisualStudioVersion = 10.0.40219.1
Project("{FAE04EC0-301F-11D3-BF4B-00C04F79EFBC}") = "ITMO.Y2020.Gr124.ADO.NET.LAB01", "ITMO.Y2020.Gr124.ADO.NET.LAB01\ITMO.Y2020.Gr124.ADO.NET.LAB01.csproj", "{97A9795D-97F6-47F2-AB94-B16A18173E84}"
EndProject
Project("{FAE04EC0-301F-11D3-BF4B-00C04F79EFBC}") = "ITMO.Y2020.Gr124.ADO.NET.LAB02", "ITMO.Y2020.Gr124.ADO.NET.LAB02\ITMO.Y2020.Gr124.ADO.NET.LAB02.csproj", "{2AB3E53E-EF1E-4DC3-A567-69ED03447303}"
EndProject
Project("{FAE04EC0-301F-11D3-BF4B-00C04F79EFBC}") = "ITMO.Y2020.Gr124.ADO.NET.LAB02Ex2", "ITMO.Y2020.Gr124.ADO.NET.LAB02.Ex2\ITMO.Y2020.Gr124.ADO.NET.LAB02Ex2.csproj", "{ADC933BC-2ECA-48FC-95B9-484B07063118}"
EndProject
Project("{FAE04EC0-301F-11D3-BF4B-00C04F79EFBC}") = "ITMO.Y2020.Gr124.ADO.NET.LAB02Ex3", "ITMO.Y2020.Gr124.ADO.NET.LAB02.Ex3\ITMO.Y2020.Gr124.ADO.NET.LAB02Ex3.csproj", "{A159897D-D4E4-4C05-B716-6B8290C1B533}"
EndProject
Project("{FAE04EC0-301F-11D3-BF4B-00C04F79EFBC}") = "ITMO.Y2020.Gr124.ADO.NET.LAB03", "ITMO.Y2020.Gr124.ADO.NET.LAB03\ITMO.Y2020.Gr124.ADO.NET.LAB03.csproj", "{A7A5FEB2-0FB1-4C48-B4EA-D8F48522AD1C}"
EndProject
Project("{FAE04EC0-301F-11D3-BF4B-00C04F79EFBC}") = "ITMO.Y2020.Gr124.ADO.NET.LAB03.Ex2", "ITMO.Y2020.Gr124.ADO.NET.LAB03.Ex2\ITMO.Y2020.Gr124.ADO.NET.LAB03.Ex2.csproj", "{A400B74A-B470-4DBF-AD4B-8BE540B7053B}"
EndProject
Project("{FAE04EC0-301F-11D3-BF4B-00C04F79EFBC}") = "ITMO.Y2020.Gr124.ADO.NET.LAB04.Ex1", "ITMO.Y2020.Gr124.ADO.NET.LAB04.Ex1\ITMO.Y2020.Gr124.ADO.NET.LAB04.Ex1.csproj", "{26C62904-68C9-4FB4-AC99-E0CFEB032E72}"
EndProject
Project("{FAE04EC0-301F-11D3-BF4B-00C04F79EFBC}") = "ITMO.Y2020.Gr124.ADO.NET.LAB04.Ex2", "ITMO.Y2020.Gr124.ADO.NET.LAB04.Ex2\ITMO.Y2020.Gr124.ADO.NET.LAB04.Ex2.csproj", "{6A3F9FDC-0773-453B-9017-DA6B9D4AFA3A}"
EndProject
Project("{FAE04EC0-301F-11D3-BF4B-00C04F79EFBC}") = "ITMO.Y2020.Gr124.ADO.NET.LAB04.Ex3", "ITMO.Y2020.Gr124.ADO.NET.LAB04.Ex3\ITMO.Y2020.Gr124.ADO.NET.LAB04.Ex3.csproj", "{13933494-5804-4BD6-870D-F15799368C78}"
EndProject
Project("{FAE04EC0-301F-11D3-BF4B-00C04F79EFBC}") = "ITMO.Y2020.Gr124.ADO.NET.LAB04.Ex4", "ITMO.Y2020.Gr124.ADO.NET.LAB04.Ex4\ITMO.Y2020.Gr124.ADO.NET.LAB04.Ex4.csproj", "{001A2224-6B78-4E01-BBBB-AE1B4B34B852}"
EndProject
Project("{FAE04EC0-301F-11D3-BF4B-00C04F79EFBC}") = "ITMO.Y2020.Gr124.ADO.NET.LAB04.Ex5", "ITMO.Y2020.Gr124.ADO.NET.LAB04.Ex5\ITMO.Y2020.Gr124.ADO.NET.LAB04.Ex5.csproj", "{43FC9CB4-B863-4410-9D6E-C55B5B192894}"
EndProject
Project("{FAE04EC0-301F-11D3-BF4B-00C04F79EFBC}") = "ITMO.Y2020.Gr124.ADO.NET.LAB04.Ex6", "ITMO.Y2020.Gr124.ADO.NET.LAB04.Ex6\ITMO.Y2020.Gr124.ADO.NET.LAB04.Ex6.csproj", "{B539EC49-80AF-4A79-A4B3-1CEEB4FA2DF2}"
EndProject
Project("{FAE04EC0-301F-11D3-BF4B-00C04F79EFBC}") = "ITMO.Y2020.Gr124.ADO.NET.LAB05.Ex1", "ITMO.Y2020.Gr124.ADO.NET.LAB05.Ex1\ITMO.Y2020.Gr124.ADO.NET.LAB05.Ex1.csproj", "{72AAE17F-0E80-4A6A-8BBE-B9F1EA3DFC91}"
EndProject
Project("{FAE04EC0-301F-11D3-BF4B-00C04F79EFBC}") = "ITMO.Y2020.Gr124.ADO.NET.LAB05.Ex2", "ITMO.Y2020.Gr124.ADO.NET.LAB05.Ex2\ITMO.Y2020.Gr124.ADO.NET.LAB05.Ex2.csproj", "{19ACA896-FDF5-4865-ABE5-BF7CCC7C9A26}"
EndProject
Project("{FAE04EC0-301F-11D3-BF4B-00C04F79EFBC}") = "ITMO.Y2020.Gr124.ADO.NET.LAB05.Ex3", "ITMO.Y2020.Gr124.ADO.NET.LAB05.Ex3\ITMO.Y2020.Gr124.ADO.NET.LAB05.Ex3.csproj", "{79399F69-5DAB-4180-9BAE-498F95C22527}"
EndProject
Project("{FAE04EC0-301F-11D3-BF4B-00C04F79EFBC}") = "ITMO.Y2020.Gr124.ADO.NET.LAB05.Ex4", "ITMO.Y2020.Gr124.ADO.NET.LAB05.Ex4\ITMO.Y2020.Gr124.ADO.NET.LAB05.Ex4.csproj", "{56DAAC49-6EC8-4BEB-A50C-C6604E40F66D}"
EndProject
Project("{FAE04EC0-301F-11D3-BF4B-00C04F79EFBC}") = "ITMO.Y2020.Gr124.ADO.NET.Lab07.Ex1", "ITMO.Y2020.Gr124.ADO.NET.Lab07.LS\ITMO.Y2020.Gr124.ADO.NET.Lab07.Ex1.csproj", "{7CFF3AC5-72B8-4DD6-8203-A876D5CEA3BC}"
EndProject
Project("{FAE04EC0-301F-11D3-BF4B-00C04F79EFBC}") = "ITMO.Y2020.Gr124.ADO.NET.Lab07.Ex2", "ITMO.Y2020.Gr124.ADO.NET.Lab07.Ex2\ITMO.Y2020.Gr124.ADO.NET.Lab07.Ex2.csproj", "{DFFCAAD2-E16B-40FB-ABF4-0F10F308ABB7}"
EndProject
Project("{FAE04EC0-301F-11D3-BF4B-00C04F79EFBC}") = "ITMO.Y2020.Gr124.ADO.NET.Lab07.Ex3", "ITMO.Y2020.Gr124.ADO.NET.Lab07.Ex3\ITMO.Y2020.Gr124.ADO.NET.Lab07.Ex3.csproj", "{BDC4DB52-A25E-4AD7-935D-833A5E9A0FA4}"
EndProject
Project("{FAE04EC0-301F-11D3-BF4B-00C04F79EFBC}") = "ITMO.Y2020.Gr124.ADO.NET.Lab06.Ex1", "ITMO.Y2020.Gr124.ADO.NET.Lab06.Ex1\ITMO.Y2020.Gr124.ADO.NET.Lab06.Ex1.csproj", "{36212FFD-C6BA-4F96-A464-95046B1E5D9D}"
EndProject
Project("{FAE04EC0-301F-11D3-BF4B-00C04F79EFBC}") = "ITMO.Y2020.Gr124.ADO.NET.Lab06.Ex2", "ITMO.Y2020.Gr124.ADO.NET.Lab06.Ex2\ITMO.Y2020.Gr124.ADO.NET.Lab06.Ex2.csproj", "{0087EA49-DCA5-497F-90BF-FDF4C470A9B1}"
EndProject
Project("{FAE04EC0-301F-11D3-BF4B-00C04F79EFBC}") = "ITMO.Y2020.Gr124.ADO.NET.Lab08.Ex1", "ITMO.Y2020.Gr124.ADO.NET.Lab08.Ex1\ITMO.Y2020.Gr124.ADO.NET.Lab08.Ex1.csproj", "{158F25BA-23FF-46E8-A0EF-954493063B12}"
EndProject
Project("{FAE04EC0-301F-11D3-BF4B-00C04F79EFBC}") = "ITMO.Y2020.Gr124.ADO.NET.Lab08.Ex2", "ITMO.Y2020.Gr124.ADO.NET.Lab08.Ex2\ITMO.Y2020.Gr124.ADO.NET.Lab08.Ex2.csproj", "{F5869428-6166-4A4D-AEBF-5F4B0DC6DFFF}"
EndProject
Project("{FAE04EC0-301F-11D3-BF4B-00C04F79EFBC}") = "ITMO.Y2020.Gr124.ADO.NET.Lab08.Ex3", "ITMO.Y2020.Gr124.ADO.NET.Lab08.Ex3\ITMO.Y2020.Gr124.ADO.NET.Lab08.Ex3.csproj", "{EB9EDC2B-7349-46E0-BDE1-C4F06AE3C811}"
EndProject
Project("{FAE04EC0-301F-11D3-BF4B-00C04F79EFBC}") = "ITMO.Y2020.Gr124.ADO.NET.Lab08.Ex4", "ITMO.Y2020.Gr124.ADO.NET.Lab08.Ex4\ITMO.Y2020.Gr124.ADO.NET.Lab08.Ex4.csproj", "{BF82CD5D-C7D9-4CF6-B93A-67F99D821A06}"
EndProject
Project("{FAE04EC0-301F-11D3-BF4B-00C04F79EFBC}") = "ITMO.Y2020.Gr124.ADO.NET.Lab09.Ex1", "ITMO.Y2020.Gr124.ADO.NET.Lab09.Ex1\ITMO.Y2020.Gr124.ADO.NET.Lab09.Ex1.csproj", "{8ADAEE9C-BB1E-4A53-B31E-BB9EFD1B0C81}"
EndProject
Project("{FAE04EC0-301F-11D3-BF4B-00C04F79EFBC}") = "CodeFirst", "CodeFirst\CodeFirst.csproj", "{1496EA6B-84AE-4A2E-9190-3706430D00D8}"
EndProject
Project("{FAE04EC0-301F-11D3-BF4B-00C04F79EFBC}") = "ITMO.Y2020.Gr124.ADO.NET.Lab09.Ex2", "ITMO.Y2020.Gr124.ADO.NET.Lab09.Ex2\ITMO.Y2020.Gr124.ADO.NET.Lab09.Ex2.csproj", "{9ED4DBBA-650B-4753-8E45-F8FDEB3538D4}"
EndProject
Project("{FAE04EC0-301F-11D3-BF4B-00C04F79EFBC}") = "CodeFirstEx2", "CodeFirstEx2\CodeFirstEx2.csproj", "{9185304D-0854-432B-BE9D-F8AE9D19665B}"
EndProject
Project("{FAE04EC0-301F-11D3-BF4B-00C04F79EFBC}") = "ITMO.Y2020.Gr124.ADO.NET.Lab09.Ex3", "ITMO.Y2020.Gr124.ADO.NET.Lab09.Ex3\ITMO.Y2020.Gr124.ADO.NET.Lab09.Ex3.csproj", "{51FB8AAB-A241-4C9D-9A82-C305F47BDC20}"
EndProject
Project("{FAE04EC0-301F-11D3-BF4B-00C04F79EFBC}") = "ITMO.Y2020.Gr124.ADO.NET.Lab09.Ex4", "ITMO.Y2020.Gr124.ADO.NET.Lab09.Ex4\ITMO.Y2020.Gr124.ADO.NET.Lab09.Ex4.csproj", "{64033358-EF17-4028-A1E5-491507C5ACFD}"
EndProject
Project("{FAE04EC0-301F-11D3-BF4B-00C04F79EFBC}") = "ITMO.Y2020.Gr124.ADO.NET.SpecialTask", "ITMO.Y2020.Gr124.ADO.NET.SpecialTask\ITMO.Y2020.Gr124.ADO.NET.SpecialTask.csproj", "{7D23FAFB-7A05-47D2-B66B-E870FC3E74E6}"
EndProject
Project("{FAE04EC0-301F-11D3-BF4B-00C04F79EFBC}") = "CodeFirstGas", "CodeFirstGas\CodeFirstGas.csproj", "{AAC70F93-E118-4D95-A9B9-80C4570E4042}"
EndProject
Project("{FAE04EC0-301F-11D3-BF4B-00C04F79EFBC}") = "ITMO.Y2020.Gr124.ADO.NET.SpecialTaskBF", "ITMO.Y2020.Gr124.ADO.NET.SpecialTaskCodeFirst\ITMO.Y2020.Gr124.ADO.NET.SpecialTaskBF.csproj", "{B14D58DB-81FC-4AAD-A546-20CC5F488892}"
EndProject
Project("{FAE04EC0-301F-11D3-BF4B-00C04F79EFBC}") = "ITMO.Y2020.Gr124.ADO.NET.SpecialTaskEDMX", "ITMO.Y2020.Gr124.ADO.NET.SpecialTaskEDMX\ITMO.Y2020.Gr124.ADO.NET.SpecialTaskEDMX.csproj", "{24F91D17-F128-4BD8-B2DB-33B3E62A6848}"
EndProject
Project("{FAE04EC0-301F-11D3-BF4B-00C04F79EFBC}") = "ITMO.Y2020.Gr124.ADO.NET.Task", "ITMO.Y2020.Gr124.ADO.NET.Task\ITMO.Y2020.Gr124.ADO.NET.Task.csproj", "{F968775B-9003-4F24-8B87-93F5936BE576}"
EndProject
Global
	GlobalSection(SolutionConfigurationPlatforms) = preSolution
		Debug|Any CPU = Debug|Any CPU
		Release|Any CPU = Release|Any CPU
	EndGlobalSection
	GlobalSection(ProjectConfigurationPlatforms) = postSolution
		{97A9795D-97F6-47F2-AB94-B16A18173E84}.Debug|Any CPU.ActiveCfg = Debug|Any CPU
		{97A9795D-97F6-47F2-AB94-B16A18173E84}.Debug|Any CPU.Build.0 = Debug|Any CPU
		{97A9795D-97F6-47F2-AB94-B16A18173E84}.Release|Any CPU.ActiveCfg = Release|Any CPU
		{97A9795D-97F6-47F2-AB94-B16A18173E84}.Release|Any CPU.Build.0 = Release|Any CPU
		{2AB3E53E-EF1E-4DC3-A567-69ED03447303}.Debug|Any CPU.ActiveCfg = Debug|Any CPU
		{2AB3E53E-EF1E-4DC3-A567-69ED03447303}.Debug|Any CPU.Build.0 = Debug|Any CPU
		{2AB3E53E-EF1E-4DC3-A567-69ED03447303}.Release|Any CPU.ActiveCfg = Release|Any CPU
		{2AB3E53E-EF1E-4DC3-A567-69ED03447303}.Release|Any CPU.Build.0 = Release|Any CPU
		{ADC933BC-2ECA-48FC-95B9-484B07063118}.Debug|Any CPU.ActiveCfg = Debug|Any CPU
		{ADC933BC-2ECA-48FC-95B9-484B07063118}.Debug|Any CPU.Build.0 = Debug|Any CPU
		{ADC933BC-2ECA-48FC-95B9-484B07063118}.Release|Any CPU.ActiveCfg = Release|Any CPU
		{ADC933BC-2ECA-48FC-95B9-484B07063118}.Release|Any CPU.Build.0 = Release|Any CPU
		{A159897D-D4E4-4C05-B716-6B8290C1B533}.Debug|Any CPU.ActiveCfg = Debug|Any CPU
		{A159897D-D4E4-4C05-B716-6B8290C1B533}.Debug|Any CPU.Build.0 = Debug|Any CPU
		{A159897D-D4E4-4C05-B716-6B8290C1B533}.Release|Any CPU.ActiveCfg = Release|Any CPU
		{A159897D-D4E4-4C05-B716-6B8290C1B533}.Release|Any CPU.Build.0 = Release|Any CPU
		{A7A5FEB2-0FB1-4C48-B4EA-D8F48522AD1C}.Debug|Any CPU.ActiveCfg = Debug|Any CPU
		{A7A5FEB2-0FB1-4C48-B4EA-D8F48522AD1C}.Debug|Any CPU.Build.0 = Debug|Any CPU
		{A7A5FEB2-0FB1-4C48-B4EA-D8F48522AD1C}.Release|Any CPU.ActiveCfg = Release|Any CPU
		{A7A5FEB2-0FB1-4C48-B4EA-D8F48522AD1C}.Release|Any CPU.Build.0 = Release|Any CPU
		{A400B74A-B470-4DBF-AD4B-8BE540B7053B}.Debug|Any CPU.ActiveCfg = Debug|Any CPU
		{A400B74A-B470-4DBF-AD4B-8BE540B7053B}.Debug|Any CPU.Build.0 = Debug|Any CPU
		{A400B74A-B470-4DBF-AD4B-8BE540B7053B}.Release|Any CPU.ActiveCfg = Release|Any CPU
		{A400B74A-B470-4DBF-AD4B-8BE540B7053B}.Release|Any CPU.Build.0 = Release|Any CPU
		{26C62904-68C9-4FB4-AC99-E0CFEB032E72}.Debug|Any CPU.ActiveCfg = Debug|Any CPU
		{26C62904-68C9-4FB4-AC99-E0CFEB032E72}.Debug|Any CPU.Build.0 = Debug|Any CPU
		{26C62904-68C9-4FB4-AC99-E0CFEB032E72}.Release|Any CPU.ActiveCfg = Release|Any CPU
		{26C62904-68C9-4FB4-AC99-E0CFEB032E72}.Release|Any CPU.Build.0 = Release|Any CPU
		{6A3F9FDC-0773-453B-9017-DA6B9D4AFA3A}.Debug|Any CPU.ActiveCfg = Debug|Any CPU
		{6A3F9FDC-0773-453B-9017-DA6B9D4AFA3A}.Debug|Any CPU.Build.0 = Debug|Any CPU
		{6A3F9FDC-0773-453B-9017-DA6B9D4AFA3A}.Release|Any CPU.ActiveCfg = Release|Any CPU
		{6A3F9FDC-0773-453B-9017-DA6B9D4AFA3A}.Release|Any CPU.Build.0 = Release|Any CPU
		{13933494-5804-4BD6-870D-F15799368C78}.Debug|Any CPU.ActiveCfg = Debug|Any CPU
		{13933494-5804-4BD6-870D-F15799368C78}.Debug|Any CPU.Build.0 = Debug|Any CPU
		{13933494-5804-4BD6-870D-F15799368C78}.Release|Any CPU.ActiveCfg = Release|Any CPU
		{13933494-5804-4BD6-870D-F15799368C78}.Release|Any CPU.Build.0 = Release|Any CPU
		{001A2224-6B78-4E01-BBBB-AE1B4B34B852}.Debug|Any CPU.ActiveCfg = Debug|Any CPU
		{001A2224-6B78-4E01-BBBB-AE1B4B34B852}.Debug|Any CPU.Build.0 = Debug|Any CPU
		{001A2224-6B78-4E01-BBBB-AE1B4B34B852}.Release|Any CPU.ActiveCfg = Release|Any CPU
		{001A2224-6B78-4E01-BBBB-AE1B4B34B852}.Release|Any CPU.Build.0 = Release|Any CPU
		{43FC9CB4-B863-4410-9D6E-C55B5B192894}.Debug|Any CPU.ActiveCfg = Debug|Any CPU
		{43FC9CB4-B863-4410-9D6E-C55B5B192894}.Debug|Any CPU.Build.0 = Debug|Any CPU
		{43FC9CB4-B863-4410-9D6E-C55B5B192894}.Release|Any CPU.ActiveCfg = Release|Any CPU
		{43FC9CB4-B863-4410-9D6E-C55B5B192894}.Release|Any CPU.Build.0 = Release|Any CPU
		{B539EC49-80AF-4A79-A4B3-1CEEB4FA2DF2}.Debug|Any CPU.ActiveCfg = Debug|Any CPU
		{B539EC49-80AF-4A79-A4B3-1CEEB4FA2DF2}.Debug|Any CPU.Build.0 = Debug|Any CPU
		{B539EC49-80AF-4A79-A4B3-1CEEB4FA2DF2}.Release|Any CPU.ActiveCfg = Release|Any CPU
		{B539EC49-80AF-4A79-A4B3-1CEEB4FA2DF2}.Release|Any CPU.Build.0 = Release|Any CPU
		{72AAE17F-0E80-4A6A-8BBE-B9F1EA3DFC91}.Debug|Any CPU.ActiveCfg = Debug|Any CPU
		{72AAE17F-0E80-4A6A-8BBE-B9F1EA3DFC91}.Debug|Any CPU.Build.0 = Debug|Any CPU
		{72AAE17F-0E80-4A6A-8BBE-B9F1EA3DFC91}.Release|Any CPU.ActiveCfg = Release|Any CPU
		{72AAE17F-0E80-4A6A-8BBE-B9F1EA3DFC91}.Release|Any CPU.Build.0 = Release|Any CPU
		{19ACA896-FDF5-4865-ABE5-BF7CCC7C9A26}.Debug|Any CPU.ActiveCfg = Debug|Any CPU
		{19ACA896-FDF5-4865-ABE5-BF7CCC7C9A26}.Debug|Any CPU.Build.0 = Debug|Any CPU
		{19ACA896-FDF5-4865-ABE5-BF7CCC7C9A26}.Release|Any CPU.ActiveCfg = Release|Any CPU
		{19ACA896-FDF5-4865-ABE5-BF7CCC7C9A26}.Release|Any CPU.Build.0 = Release|Any CPU
		{79399F69-5DAB-4180-9BAE-498F95C22527}.Debug|Any CPU.ActiveCfg = Debug|Any CPU
		{79399F69-5DAB-4180-9BAE-498F95C22527}.Debug|Any CPU.Build.0 = Debug|Any CPU
		{79399F69-5DAB-4180-9BAE-498F95C22527}.Release|Any CPU.ActiveCfg = Release|Any CPU
		{79399F69-5DAB-4180-9BAE-498F95C22527}.Release|Any CPU.Build.0 = Release|Any CPU
		{56DAAC49-6EC8-4BEB-A50C-C6604E40F66D}.Debug|Any CPU.ActiveCfg = Debug|Any CPU
		{56DAAC49-6EC8-4BEB-A50C-C6604E40F66D}.Debug|Any CPU.Build.0 = Debug|Any CPU
		{56DAAC49-6EC8-4BEB-A50C-C6604E40F66D}.Release|Any CPU.ActiveCfg = Release|Any CPU
		{56DAAC49-6EC8-4BEB-A50C-C6604E40F66D}.Release|Any CPU.Build.0 = Release|Any CPU
		{7CFF3AC5-72B8-4DD6-8203-A876D5CEA3BC}.Debug|Any CPU.ActiveCfg = Debug|Any CPU
		{7CFF3AC5-72B8-4DD6-8203-A876D5CEA3BC}.Debug|Any CPU.Build.0 = Debug|Any CPU
		{7CFF3AC5-72B8-4DD6-8203-A876D5CEA3BC}.Release|Any CPU.ActiveCfg = Release|Any CPU
		{7CFF3AC5-72B8-4DD6-8203-A876D5CEA3BC}.Release|Any CPU.Build.0 = Release|Any CPU
		{DFFCAAD2-E16B-40FB-ABF4-0F10F308ABB7}.Debug|Any CPU.ActiveCfg = Debug|Any CPU
		{DFFCAAD2-E16B-40FB-ABF4-0F10F308ABB7}.Debug|Any CPU.Build.0 = Debug|Any CPU
		{DFFCAAD2-E16B-40FB-ABF4-0F10F308ABB7}.Release|Any CPU.ActiveCfg = Release|Any CPU
		{DFFCAAD2-E16B-40FB-ABF4-0F10F308ABB7}.Release|Any CPU.Build.0 = Release|Any CPU
		{BDC4DB52-A25E-4AD7-935D-833A5E9A0FA4}.Debug|Any CPU.ActiveCfg = Debug|Any CPU
		{BDC4DB52-A25E-4AD7-935D-833A5E9A0FA4}.Debug|Any CPU.Build.0 = Debug|Any CPU
		{BDC4DB52-A25E-4AD7-935D-833A5E9A0FA4}.Release|Any CPU.ActiveCfg = Release|Any CPU
		{BDC4DB52-A25E-4AD7-935D-833A5E9A0FA4}.Release|Any CPU.Build.0 = Release|Any CPU
		{36212FFD-C6BA-4F96-A464-95046B1E5D9D}.Debug|Any CPU.ActiveCfg = Debug|Any CPU
		{36212FFD-C6BA-4F96-A464-95046B1E5D9D}.Debug|Any CPU.Build.0 = Debug|Any CPU
		{36212FFD-C6BA-4F96-A464-95046B1E5D9D}.Release|Any CPU.ActiveCfg = Release|Any CPU
		{36212FFD-C6BA-4F96-A464-95046B1E5D9D}.Release|Any CPU.Build.0 = Release|Any CPU
		{0087EA49-DCA5-497F-90BF-FDF4C470A9B1}.Debug|Any CPU.ActiveCfg = Debug|Any CPU
		{0087EA49-DCA5-497F-90BF-FDF4C470A9B1}.Debug|Any CPU.Build.0 = Debug|Any CPU
		{0087EA49-DCA5-497F-90BF-FDF4C470A9B1}.Release|Any CPU.ActiveCfg = Release|Any CPU
		{0087EA49-DCA5-497F-90BF-FDF4C470A9B1}.Release|Any CPU.Build.0 = Release|Any CPU
		{158F25BA-23FF-46E8-A0EF-954493063B12}.Debug|Any CPU.ActiveCfg = Debug|Any CPU
		{158F25BA-23FF-46E8-A0EF-954493063B12}.Debug|Any CPU.Build.0 = Debug|Any CPU
		{158F25BA-23FF-46E8-A0EF-954493063B12}.Release|Any CPU.ActiveCfg = Release|Any CPU
		{158F25BA-23FF-46E8-A0EF-954493063B12}.Release|Any CPU.Build.0 = Release|Any CPU
		{F5869428-6166-4A4D-AEBF-5F4B0DC6DFFF}.Debug|Any CPU.ActiveCfg = Debug|Any CPU
		{F5869428-6166-4A4D-AEBF-5F4B0DC6DFFF}.Debug|Any CPU.Build.0 = Debug|Any CPU
		{F5869428-6166-4A4D-AEBF-5F4B0DC6DFFF}.Release|Any CPU.ActiveCfg = Release|Any CPU
		{F5869428-6166-4A4D-AEBF-5F4B0DC6DFFF}.Release|Any CPU.Build.0 = Release|Any CPU
		{EB9EDC2B-7349-46E0-BDE1-C4F06AE3C811}.Debug|Any CPU.ActiveCfg = Debug|Any CPU
		{EB9EDC2B-7349-46E0-BDE1-C4F06AE3C811}.Debug|Any CPU.Build.0 = Debug|Any CPU
		{EB9EDC2B-7349-46E0-BDE1-C4F06AE3C811}.Release|Any CPU.ActiveCfg = Release|Any CPU
		{EB9EDC2B-7349-46E0-BDE1-C4F06AE3C811}.Release|Any CPU.Build.0 = Release|Any CPU
		{BF82CD5D-C7D9-4CF6-B93A-67F99D821A06}.Debug|Any CPU.ActiveCfg = Debug|Any CPU
		{BF82CD5D-C7D9-4CF6-B93A-67F99D821A06}.Debug|Any CPU.Build.0 = Debug|Any CPU
		{BF82CD5D-C7D9-4CF6-B93A-67F99D821A06}.Release|Any CPU.ActiveCfg = Release|Any CPU
		{BF82CD5D-C7D9-4CF6-B93A-67F99D821A06}.Release|Any CPU.Build.0 = Release|Any CPU
		{8ADAEE9C-BB1E-4A53-B31E-BB9EFD1B0C81}.Debug|Any CPU.ActiveCfg = Debug|Any CPU
		{8ADAEE9C-BB1E-4A53-B31E-BB9EFD1B0C81}.Debug|Any CPU.Build.0 = Debug|Any CPU
		{8ADAEE9C-BB1E-4A53-B31E-BB9EFD1B0C81}.Release|Any CPU.ActiveCfg = Release|Any CPU
		{8ADAEE9C-BB1E-4A53-B31E-BB9EFD1B0C81}.Release|Any CPU.Build.0 = Release|Any CPU
		{1496EA6B-84AE-4A2E-9190-3706430D00D8}.Debug|Any CPU.ActiveCfg = Debug|Any CPU
		{1496EA6B-84AE-4A2E-9190-3706430D00D8}.Debug|Any CPU.Build.0 = Debug|Any CPU
		{1496EA6B-84AE-4A2E-9190-3706430D00D8}.Release|Any CPU.ActiveCfg = Release|Any CPU
		{1496EA6B-84AE-4A2E-9190-3706430D00D8}.Release|Any CPU.Build.0 = Release|Any CPU
		{9ED4DBBA-650B-4753-8E45-F8FDEB3538D4}.Debug|Any CPU.ActiveCfg = Debug|Any CPU
		{9ED4DBBA-650B-4753-8E45-F8FDEB3538D4}.Debug|Any CPU.Build.0 = Debug|Any CPU
		{9ED4DBBA-650B-4753-8E45-F8FDEB3538D4}.Release|Any CPU.ActiveCfg = Release|Any CPU
		{9ED4DBBA-650B-4753-8E45-F8FDEB3538D4}.Release|Any CPU.Build.0 = Release|Any CPU
		{9185304D-0854-432B-BE9D-F8AE9D19665B}.Debug|Any CPU.ActiveCfg = Debug|Any CPU
		{9185304D-0854-432B-BE9D-F8AE9D19665B}.Debug|Any CPU.Build.0 = Debug|Any CPU
		{9185304D-0854-432B-BE9D-F8AE9D19665B}.Release|Any CPU.ActiveCfg = Release|Any CPU
		{9185304D-0854-432B-BE9D-F8AE9D19665B}.Release|Any CPU.Build.0 = Release|Any CPU
		{51FB8AAB-A241-4C9D-9A82-C305F47BDC20}.Debug|Any CPU.ActiveCfg = Debug|Any CPU
		{51FB8AAB-A241-4C9D-9A82-C305F47BDC20}.Debug|Any CPU.Build.0 = Debug|Any CPU
		{51FB8AAB-A241-4C9D-9A82-C305F47BDC20}.Release|Any CPU.ActiveCfg = Release|Any CPU
		{51FB8AAB-A241-4C9D-9A82-C305F47BDC20}.Release|Any CPU.Build.0 = Release|Any CPU
		{64033358-EF17-4028-A1E5-491507C5ACFD}.Debug|Any CPU.ActiveCfg = Debug|Any CPU
		{64033358-EF17-4028-A1E5-491507C5ACFD}.Debug|Any CPU.Build.0 = Debug|Any CPU
		{64033358-EF17-4028-A1E5-491507C5ACFD}.Release|Any CPU.ActiveCfg = Release|Any CPU
		{64033358-EF17-4028-A1E5-491507C5ACFD}.Release|Any CPU.Build.0 = Release|Any CPU
		{7D23FAFB-7A05-47D2-B66B-E870FC3E74E6}.Debug|Any CPU.ActiveCfg = Debug|Any CPU
		{7D23FAFB-7A05-47D2-B66B-E870FC3E74E6}.Debug|Any CPU.Build.0 = Debug|Any CPU
		{7D23FAFB-7A05-47D2-B66B-E870FC3E74E6}.Release|Any CPU.ActiveCfg = Release|Any CPU
		{7D23FAFB-7A05-47D2-B66B-E870FC3E74E6}.Release|Any CPU.Build.0 = Release|Any CPU
		{AAC70F93-E118-4D95-A9B9-80C4570E4042}.Debug|Any CPU.ActiveCfg = Debug|Any CPU
		{AAC70F93-E118-4D95-A9B9-80C4570E4042}.Debug|Any CPU.Build.0 = Debug|Any CPU
		{AAC70F93-E118-4D95-A9B9-80C4570E4042}.Release|Any CPU.ActiveCfg = Release|Any CPU
		{AAC70F93-E118-4D95-A9B9-80C4570E4042}.Release|Any CPU.Build.0 = Release|Any CPU
		{B14D58DB-81FC-4AAD-A546-20CC5F488892}.Debug|Any CPU.ActiveCfg = Debug|Any CPU
		{B14D58DB-81FC-4AAD-A546-20CC5F488892}.Debug|Any CPU.Build.0 = Debug|Any CPU
		{B14D58DB-81FC-4AAD-A546-20CC5F488892}.Release|Any CPU.ActiveCfg = Release|Any CPU
		{B14D58DB-81FC-4AAD-A546-20CC5F488892}.Release|Any CPU.Build.0 = Release|Any CPU
		{24F91D17-F128-4BD8-B2DB-33B3E62A6848}.Debug|Any CPU.ActiveCfg = Debug|Any CPU
		{24F91D17-F128-4BD8-B2DB-33B3E62A6848}.Debug|Any CPU.Build.0 = Debug|Any CPU
		{24F91D17-F128-4BD8-B2DB-33B3E62A6848}.Release|Any CPU.ActiveCfg = Release|Any CPU
		{24F91D17-F128-4BD8-B2DB-33B3E62A6848}.Release|Any CPU.Build.0 = Release|Any CPU
		{F968775B-9003-4F24-8B87-93F5936BE576}.Debug|Any CPU.ActiveCfg = Debug|Any CPU
		{F968775B-9003-4F24-8B87-93F5936BE576}.Debug|Any CPU.Build.0 = Debug|Any CPU
		{F968775B-9003-4F24-8B87-93F5936BE576}.Release|Any CPU.ActiveCfg = Release|Any CPU
		{F968775B-9003-4F24-8B87-93F5936BE576}.Release|Any CPU.Build.0 = Release|Any CPU
	EndGlobalSection
	GlobalSection(SolutionProperties) = preSolution
		HideSolutionNode = FALSE
	EndGlobalSection
	GlobalSection(ExtensibilityGlobals) = postSolution
		SolutionGuid = {53BADCB6-EBB6-4647-BE4E-61406EA9EF0C}
	EndGlobalSection
EndGlobal
