
Microsoft Visual Studio Solution File, Format Version 12.00
# Visual Studio Version 16
VisualStudioVersion = 16.0.30128.74
MinimumVisualStudioVersion = 10.0.40219.1
Project("{FAE04EC0-301F-11D3-BF4B-00C04F79EFBC}") = "ITMO.Y2020.Gr124.ADO.NET.LAB01", "ITMO.Y2020.Gr124.ADO.NET.LAB01.csproj", "{97A9795D-97F6-47F2-AB94-B16A18173E84}"
EndProject
Global
	GlobalSection(SolutionConfigurationPlatforms) = preSolution
		Debug|Any CPU = Debug|Any CPU
		Release|Any CPU = Release|Any CPU
	EndGlobalSection
	GlobalSection(ProjectConfigurationPlatforms) = postSolution
		{97A9795D-97F6-47F2-AB94-B16A18173E84}.Debug|Any CPU.ActiveCfg = Debug|Any CPU
		{97A9795D-97F6-47F2-AB94-B16A18173E84}.Debug|Any CPU.Build.0 = Debug|Any CPU
		{97A9795D-97F6-47F2-AB94-B16A18173E84}.Release|Any CPU.ActiveCfg = Release|Any CPU
		{97A9795D-97F6-47F2-AB94-B16A18173E84}.Release|Any CPU.Build.0 = Release|Any CPU
	EndGlobalSection
	GlobalSection(SolutionProperties) = preSolution
		HideSolutionNode = FALSE
	EndGlobalSection
	GlobalSection(ExtensibilityGlobals) = postSolution
		SolutionGuid = {53BADCB6-EBB6-4647-BE4E-61406EA9EF0C}
	EndGlobalSection
EndGlobal
